# @generated by Move, please check-in and do not edit manually.

[move]
version = 0
manifest_digest = "0E9A0D6B929CAFEB7B8347F1FA5B35B2DAFF1C93FA7A40D14550A3B9EC293618"
deps_digest = "3C4103934B1E040BB6B23F1D610B4EF9F2F1166A50A104EADCF77467C004C600"

dependencies = [
  { name = "Mgo" },
  { name = "MoveStdlib" },
]

[[move.package]]
name = "Mgo"
source = { local = "../mgo-framework" }

dependencies = [
  { name = "MoveStdlib" },
]

[[move.package]]
name = "MoveStdlib"
source = { local = "../move-stdlib" }

[move.toolchain-version]
compiler-version = "1.0.0"
edition = "legacy"
flavor = "mgo"
