# @generated by Move, please check-in and do not edit manually.

[move]
version = 0
manifest_digest = "F96CC14D775E9ACB8FF2D5282E890A94FBFF4F4B74C94C0AFEF25E451F9C8C70"
deps_digest = "3C4103934B1E040BB6B23F1D610B4EF9F2F1166A50A104EADCF77467C004C600"

dependencies = [
  { name = "Mgo" },
  { name = "MoveStdlib" },
]

[[move.package]]
name = "Mgo"
source = { local = "../mgo-framework" }

dependencies = [
  { name = "MoveStdlib" },
]

[[move.package]]
name = "MoveStdlib"
source = { local = "../move-stdlib" }

[move.toolchain-version]
compiler-version = "1.0.0"
edition = "legacy"
flavor = "mgo"
